
Microsoft Visual Studio Solution File, Format Version 12.00
# Visual Studio Version 17
VisualStudioVersion = 17.9.34723.18
MinimumVisualStudioVersion = 10.0.40219.1
Project("{FAE04EC0-301F-11D3-BF4B-00C04F79EFBC}") = "NewUserProvider", "NewUserProvider\NewUserProvider.csproj", "{79C31754-9E5F-410E-BD2A-C025D5FC25F6}"
EndProject
Project("{FAE04EC0-301F-11D3-BF4B-00C04F79EFBC}") = "Data", "Data\Data.csproj", "{C5B7DAE1-1C36-4BD9-89FC-4BFD73C444B6}"
EndProject
Global
	GlobalSection(SolutionConfigurationPlatforms) = preSolution
		Debug|Any CPU = Debug|Any CPU
		Release|Any CPU = Release|Any CPU
	EndGlobalSection
	GlobalSection(ProjectConfigurationPlatforms) = postSolution
		{79C31754-9E5F-410E-BD2A-C025D5FC25F6}.Debug|Any CPU.ActiveCfg = Debug|Any CPU
		{79C31754-9E5F-410E-BD2A-C025D5FC25F6}.Debug|Any CPU.Build.0 = Debug|Any CPU
		{79C31754-9E5F-410E-BD2A-C025D5FC25F6}.Release|Any CPU.ActiveCfg = Release|Any CPU
		{79C31754-9E5F-410E-BD2A-C025D5FC25F6}.Release|Any CPU.Build.0 = Release|Any CPU
		{C5B7DAE1-1C36-4BD9-89FC-4BFD73C444B6}.Debug|Any CPU.ActiveCfg = Debug|Any CPU
		{C5B7DAE1-1C36-4BD9-89FC-4BFD73C444B6}.Debug|Any CPU.Build.0 = Debug|Any CPU
		{C5B7DAE1-1C36-4BD9-89FC-4BFD73C444B6}.Release|Any CPU.ActiveCfg = Release|Any CPU
		{C5B7DAE1-1C36-4BD9-89FC-4BFD73C444B6}.Release|Any CPU.Build.0 = Release|Any CPU
	EndGlobalSection
	GlobalSection(SolutionProperties) = preSolution
		HideSolutionNode = FALSE
	EndGlobalSection
	GlobalSection(ExtensibilityGlobals) = postSolution
		SolutionGuid = {BF8F3A6D-C570-476A-824D-F397BC8EDF2C}
	EndGlobalSection
EndGlobal
